
Microsoft Visual Studio Solution File, Format Version 11.00
# Visual Studio 2010
Project("{FAE04EC0-301F-11D3-BF4B-00C04F79EFBC}") = "UISEmail", "UISEmail\UISEmail.csproj", "{A9C53B32-9FFC-4850-ABDF-70C60FB5DDBD}"
EndProject
Global
	GlobalSection(SolutionConfigurationPlatforms) = preSolution
		Debug|Any CPU = Debug|Any CPU
		Release|Any CPU = Release|Any CPU
	EndGlobalSection
	GlobalSection(ProjectConfigurationPlatforms) = postSolution
		{A9C53B32-9FFC-4850-ABDF-70C60FB5DDBD}.Debug|Any CPU.ActiveCfg = Debug|Any CPU
		{A9C53B32-9FFC-4850-ABDF-70C60FB5DDBD}.Debug|Any CPU.Build.0 = Debug|Any CPU
		{A9C53B32-9FFC-4850-ABDF-70C60FB5DDBD}.Release|Any CPU.ActiveCfg = Release|Any CPU
		{A9C53B32-9FFC-4850-ABDF-70C60FB5DDBD}.Release|Any CPU.Build.0 = Release|Any CPU
	EndGlobalSection
	GlobalSection(SolutionProperties) = preSolution
		HideSolutionNode = FALSE
	EndGlobalSection
EndGlobal
