
Microsoft Visual Studio Solution File, Format Version 11.00
# Visual Studio 2010
Project("{FAE04EC0-301F-11D3-BF4B-00C04F79EFBC}") = "SQLEmail", "SQLEmail\SQLEmail.csproj", "{7CC703E6-5225-4A69-BA40-D11DC12B42A1}"
EndProject
Global
	GlobalSection(SolutionConfigurationPlatforms) = preSolution
		Debug|Any CPU = Debug|Any CPU
		Release|Any CPU = Release|Any CPU
	EndGlobalSection
	GlobalSection(ProjectConfigurationPlatforms) = postSolution
		{7CC703E6-5225-4A69-BA40-D11DC12B42A1}.Debug|Any CPU.ActiveCfg = Debug|Any CPU
		{7CC703E6-5225-4A69-BA40-D11DC12B42A1}.Debug|Any CPU.Build.0 = Debug|Any CPU
		{7CC703E6-5225-4A69-BA40-D11DC12B42A1}.Release|Any CPU.ActiveCfg = Release|Any CPU
		{7CC703E6-5225-4A69-BA40-D11DC12B42A1}.Release|Any CPU.Build.0 = Release|Any CPU
	EndGlobalSection
	GlobalSection(SolutionProperties) = preSolution
		HideSolutionNode = FALSE
	EndGlobalSection
EndGlobal
